
Microsoft Visual Studio Solution File, Format Version 12.00
# Visual Studio 15
VisualStudioVersion = 15.0.28010.2050
MinimumVisualStudioVersion = 10.0.40219.1
Project("{FAE04EC0-301F-11D3-BF4B-00C04F79EFBC}") = "Level Order Tree Traversal - Recursion", "Level Order Tree Traversal - Recursion\Level Order Tree Traversal - Recursion.csproj", "{6A50E66A-D683-4814-8286-1CC9016279C2}"
EndProject
Global
	GlobalSection(SolutionConfigurationPlatforms) = preSolution
		Debug|Any CPU = Debug|Any CPU
		Release|Any CPU = Release|Any CPU
	EndGlobalSection
	GlobalSection(ProjectConfigurationPlatforms) = postSolution
		{6A50E66A-D683-4814-8286-1CC9016279C2}.Debug|Any CPU.ActiveCfg = Debug|Any CPU
		{6A50E66A-D683-4814-8286-1CC9016279C2}.Debug|Any CPU.Build.0 = Debug|Any CPU
		{6A50E66A-D683-4814-8286-1CC9016279C2}.Release|Any CPU.ActiveCfg = Release|Any CPU
		{6A50E66A-D683-4814-8286-1CC9016279C2}.Release|Any CPU.Build.0 = Release|Any CPU
	EndGlobalSection
	GlobalSection(SolutionProperties) = preSolution
		HideSolutionNode = FALSE
	EndGlobalSection
	GlobalSection(ExtensibilityGlobals) = postSolution
		SolutionGuid = {0920B891-FC18-42D5-8FD4-E30C0EECB61C}
	EndGlobalSection
EndGlobal
